
Microsoft Visual Studio Solution File, Format Version 12.00
# Visual Studio Version 17
VisualStudioVersion = 17.0.31903.59
MinimumVisualStudioVersion = 10.0.40219.1
Project("{2150E333-8FDC-42A3-9474-1A3956D46DE8}") = "src", "src", "{4D7F3621-FA4A-407E-8D3D-71E83F1170C8}"
EndProject
Project("{FAE04EC0-301F-11D3-BF4B-00C04F79EFBC}") = "ShuttleZone.Api", "src\ShuttleZone.Api\ShuttleZone.Api.csproj", "{B154AB75-E953-4438-A509-3BFCC238AE2F}"
EndProject
Project("{FAE04EC0-301F-11D3-BF4B-00C04F79EFBC}") = "ShuttleZone.Application", "src\ShuttleZone.Application\ShuttleZone.Application.csproj", "{E72C01D2-3DA3-47C2-8B52-1DB3DF16BC1E}"
EndProject
Project("{FAE04EC0-301F-11D3-BF4B-00C04F79EFBC}") = "ShuttleZone.Domain", "src\ShuttleZone.Domain\ShuttleZone.Domain.csproj", "{87AA5F8A-B25B-4D08-9201-E6BBED8A6FB5}"
EndProject
Project("{FAE04EC0-301F-11D3-BF4B-00C04F79EFBC}") = "ShuttleZone.Infrastructure", "src\ShuttleZone.Infrastructure\ShuttleZone.Infrastructure.csproj", "{45E7E088-9028-4F43-97C8-EA957C7B8248}"
EndProject
Project("{FAE04EC0-301F-11D3-BF4B-00C04F79EFBC}") = "ShuttleZone.Grpc", "src\ShuttleZone.Grpc\ShuttleZone.Grpc.csproj", "{1CA3DBE4-7149-4D68-B903-0AA1DE5E3256}"
EndProject
Project("{2150E333-8FDC-42A3-9474-1A3956D46DE8}") = "tests", "tests", "{46BCC891-51EC-4A25-8923-5970209A02EF}"
EndProject
Project("{FAE04EC0-301F-11D3-BF4B-00C04F79EFBC}") = "ShuttleZone.Application.UnitTests", "tests\ShuttleZone.Application.UnitTests\ShuttleZone.Application.UnitTests.csproj", "{02047C4B-D93C-4ADA-8D2B-DF23F0915087}"
EndProject
Project("{FAE04EC0-301F-11D3-BF4B-00C04F79EFBC}") = "ShuttleZone.Common", "src\ShuttleZone.Common\ShuttleZone.Common.csproj", "{1B4A3493-28E1-4D26-AB28-5C5F47630A5E}"
EndProject
Project("{FAE04EC0-301F-11D3-BF4B-00C04F79EFBC}") = "ShuttleZone.Infrastructure.UnitTests", "tests\ShuttleZone.Infrastructure.UnitTests\ShuttleZone.Infrastructure.UnitTests.csproj", "{513B181C-6988-4D60-AE41-43AFCC7A3264}"
EndProject
Global
	GlobalSection(SolutionConfigurationPlatforms) = preSolution
		Debug|Any CPU = Debug|Any CPU
		Release|Any CPU = Release|Any CPU
	EndGlobalSection
	GlobalSection(SolutionProperties) = preSolution
		HideSolutionNode = FALSE
	EndGlobalSection
	GlobalSection(ProjectConfigurationPlatforms) = postSolution
		{B154AB75-E953-4438-A509-3BFCC238AE2F}.Debug|Any CPU.ActiveCfg = Debug|Any CPU
		{B154AB75-E953-4438-A509-3BFCC238AE2F}.Debug|Any CPU.Build.0 = Debug|Any CPU
		{B154AB75-E953-4438-A509-3BFCC238AE2F}.Release|Any CPU.ActiveCfg = Release|Any CPU
		{B154AB75-E953-4438-A509-3BFCC238AE2F}.Release|Any CPU.Build.0 = Release|Any CPU
		{E72C01D2-3DA3-47C2-8B52-1DB3DF16BC1E}.Debug|Any CPU.ActiveCfg = Debug|Any CPU
		{E72C01D2-3DA3-47C2-8B52-1DB3DF16BC1E}.Debug|Any CPU.Build.0 = Debug|Any CPU
		{E72C01D2-3DA3-47C2-8B52-1DB3DF16BC1E}.Release|Any CPU.ActiveCfg = Release|Any CPU
		{E72C01D2-3DA3-47C2-8B52-1DB3DF16BC1E}.Release|Any CPU.Build.0 = Release|Any CPU
		{87AA5F8A-B25B-4D08-9201-E6BBED8A6FB5}.Debug|Any CPU.ActiveCfg = Debug|Any CPU
		{87AA5F8A-B25B-4D08-9201-E6BBED8A6FB5}.Debug|Any CPU.Build.0 = Debug|Any CPU
		{87AA5F8A-B25B-4D08-9201-E6BBED8A6FB5}.Release|Any CPU.ActiveCfg = Release|Any CPU
		{87AA5F8A-B25B-4D08-9201-E6BBED8A6FB5}.Release|Any CPU.Build.0 = Release|Any CPU
		{45E7E088-9028-4F43-97C8-EA957C7B8248}.Debug|Any CPU.ActiveCfg = Debug|Any CPU
		{45E7E088-9028-4F43-97C8-EA957C7B8248}.Debug|Any CPU.Build.0 = Debug|Any CPU
		{45E7E088-9028-4F43-97C8-EA957C7B8248}.Release|Any CPU.ActiveCfg = Release|Any CPU
		{45E7E088-9028-4F43-97C8-EA957C7B8248}.Release|Any CPU.Build.0 = Release|Any CPU
		{1CA3DBE4-7149-4D68-B903-0AA1DE5E3256}.Debug|Any CPU.ActiveCfg = Debug|Any CPU
		{1CA3DBE4-7149-4D68-B903-0AA1DE5E3256}.Debug|Any CPU.Build.0 = Debug|Any CPU
		{1CA3DBE4-7149-4D68-B903-0AA1DE5E3256}.Release|Any CPU.ActiveCfg = Release|Any CPU
		{1CA3DBE4-7149-4D68-B903-0AA1DE5E3256}.Release|Any CPU.Build.0 = Release|Any CPU
		{02047C4B-D93C-4ADA-8D2B-DF23F0915087}.Debug|Any CPU.ActiveCfg = Debug|Any CPU
		{02047C4B-D93C-4ADA-8D2B-DF23F0915087}.Debug|Any CPU.Build.0 = Debug|Any CPU
		{02047C4B-D93C-4ADA-8D2B-DF23F0915087}.Release|Any CPU.ActiveCfg = Release|Any CPU
		{02047C4B-D93C-4ADA-8D2B-DF23F0915087}.Release|Any CPU.Build.0 = Release|Any CPU
		{1B4A3493-28E1-4D26-AB28-5C5F47630A5E}.Debug|Any CPU.ActiveCfg = Debug|Any CPU
		{1B4A3493-28E1-4D26-AB28-5C5F47630A5E}.Debug|Any CPU.Build.0 = Debug|Any CPU
		{1B4A3493-28E1-4D26-AB28-5C5F47630A5E}.Release|Any CPU.ActiveCfg = Release|Any CPU
		{1B4A3493-28E1-4D26-AB28-5C5F47630A5E}.Release|Any CPU.Build.0 = Release|Any CPU
		{513B181C-6988-4D60-AE41-43AFCC7A3264}.Debug|Any CPU.ActiveCfg = Debug|Any CPU
		{513B181C-6988-4D60-AE41-43AFCC7A3264}.Debug|Any CPU.Build.0 = Debug|Any CPU
		{513B181C-6988-4D60-AE41-43AFCC7A3264}.Release|Any CPU.ActiveCfg = Release|Any CPU
		{513B181C-6988-4D60-AE41-43AFCC7A3264}.Release|Any CPU.Build.0 = Release|Any CPU
	EndGlobalSection
	GlobalSection(NestedProjects) = preSolution
		{B154AB75-E953-4438-A509-3BFCC238AE2F} = {4D7F3621-FA4A-407E-8D3D-71E83F1170C8}
		{E72C01D2-3DA3-47C2-8B52-1DB3DF16BC1E} = {4D7F3621-FA4A-407E-8D3D-71E83F1170C8}
		{87AA5F8A-B25B-4D08-9201-E6BBED8A6FB5} = {4D7F3621-FA4A-407E-8D3D-71E83F1170C8}
		{45E7E088-9028-4F43-97C8-EA957C7B8248} = {4D7F3621-FA4A-407E-8D3D-71E83F1170C8}
		{1CA3DBE4-7149-4D68-B903-0AA1DE5E3256} = {4D7F3621-FA4A-407E-8D3D-71E83F1170C8}
		{02047C4B-D93C-4ADA-8D2B-DF23F0915087} = {46BCC891-51EC-4A25-8923-5970209A02EF}
		{1B4A3493-28E1-4D26-AB28-5C5F47630A5E} = {4D7F3621-FA4A-407E-8D3D-71E83F1170C8}
		{513B181C-6988-4D60-AE41-43AFCC7A3264} = {46BCC891-51EC-4A25-8923-5970209A02EF}
	EndGlobalSection
EndGlobal
